// !$*UTF8*$!
{
	archiveVersion = 1;
	classes = {
	};
	objectVersion = 46;
	objects = {

/* Begin PBXBuildFile section */
		F06F8F861E84A6ED00184AFC /* main.m in Sources */ = {isa = PBXBuildFile; fileRef = F06F8F851E84A6ED00184AFC /* main.m */; };
		F06F8F891E84A6ED00184AFC /* AppDelegate.m in Sources */ = {isa = PBXBuildFile; fileRef = F06F8F881E84A6ED00184AFC /* AppDelegate.m */; };
		F06F8F8C1E84A6ED00184AFC /* ViewController.m in Sources */ = {isa = PBXBuildFile; fileRef = F06F8F8B1E84A6ED00184AFC /* ViewController.m */; };
		F06F8F8F1E84A6ED00184AFC /* Main.storyboard in Resources */ = {isa = PBXBuildFile; fileRef = F06F8F8D1E84A6ED00184AFC /* Main.storyboard */; };
		F06F8F911E84A6ED00184AFC /* Assets.xcassets in Resources */ = {isa = PBXBuildFile; fileRef = F06F8F901E84A6ED00184AFC /* Assets.xcassets */; };
		F06F8F941E84A6ED00184AFC /* LaunchScreen.storyboard in Resources */ = {isa = PBXBuildFile; fileRef = F06F8F921E84A6ED00184AFC /* LaunchScreen.storyboard */; };
		F06F8F9F1E84A6ED00184AFC /* LockScreenMusicDemoTests.m in Sources */ = {isa = PBXBuildFile; fileRef = F06F8F9E1E84A6ED00184AFC /* LockScreenMusicDemoTests.m */; };
		F06F8FAA1E84A6ED00184AFC /* LockScreenMusicDemoUITests.m in Sources */ = {isa = PBXBuildFile; fileRef = F06F8FA91E84A6ED00184AFC /* LockScreenMusicDemoUITests.m */; };
		F06F8FB91E84A6FB00184AFC /* MediaPlayer.framework in Frameworks */ = {isa = PBXBuildFile; fileRef = F06F8FB81E84A6FB00184AFC /* MediaPlayer.framework */; };
		F06F8FBB1E84A70100184AFC /* AVFoundation.framework in Frameworks */ = {isa = PBXBuildFile; fileRef = F06F8FBA1E84A70100184AFC /* AVFoundation.framework */; };
		F06F8FBD1E84A70B00184AFC /* 那些花儿.mp3 in Resources */ = {isa = PBXBuildFile; fileRef = F06F8FBC1E84A70B00184AFC /* 那些花儿.mp3 */; };
		F06F8FBF1E84A71600184AFC /* pushu.jpg in Resources */ = {isa = PBXBuildFile; fileRef = F06F8FBE1E84A71600184AFC /* pushu.jpg */; };
/* End PBXBuildFile section */

/* Begin PBXContainerItemProxy section */
		F06F8F9B1E84A6ED00184AFC /* PBXContainerItemProxy */ = {
			isa = PBXContainerItemProxy;
			containerPortal = F06F8F791E84A6ED00184AFC /* Project object */;
			proxyType = 1;
			remoteGlobalIDString = F06F8F801E84A6ED00184AFC;
			remoteInfo = LockScreenMusicDemo;
		};
		F06F8FA61E84A6ED00184AFC /* PBXContainerItemProxy */ = {
			isa = PBXContainerItemProxy;
			containerPortal = F06F8F791E84A6ED00184AFC /* Project object */;
			proxyType = 1;
			remoteGlobalIDString = F06F8F801E84A6ED00184AFC;
			remoteInfo = LockScreenMusicDemo;
		};
/* End PBXContainerItemProxy section */

/* Begin PBXFileReference section */
		F06F8F811E84A6ED00184AFC /* LockScreenMusicDemo.app */ = {isa = PBXFileReference; explicitFileType = wrapper.application; includeInIndex = 0; path = LockScreenMusicDemo.app; sourceTree = BUILT_PRODUCTS_DIR; };
		F06F8F851E84A6ED00184AFC /* main.m */ = {isa = PBXFileReference; lastKnownFileType = sourcecode.c.objc; path = main.m; sourceTree = "<group>"; };
		F06F8F871E84A6ED00184AFC /* AppDelegate.h */ = {isa = PBXFileReference; lastKnownFileType = sourcecode.c.h; path = AppDelegate.h; sourceTree = "<group>"; };
		F06F8F881E84A6ED00184AFC /* AppDelegate.m */ = {isa = PBXFileReference; lastKnownFileType = sourcecode.c.objc; path = AppDelegate.m; sourceTree = "<group>"; };
		F06F8F8A1E84A6ED00184AFC /* ViewController.h */ = {isa = PBXFileReference; lastKnownFileType = sourcecode.c.h; path = ViewController.h; sourceTree = "<group>"; };
		F06F8F8B1E84A6ED00184AFC /* ViewController.m */ = {isa = PBXFileReference; lastKnownFileType = sourcecode.c.objc; path = ViewController.m; sourceTree = "<group>"; };
		F06F8F8E1E84A6ED00184AFC /* Base */ = {isa = PBXFileReference; lastKnownFileType = file.storyboard; name = Base; path = Base.lproj/Main.storyboard; sourceTree = "<group>"; };
		F06F8F901E84A6ED00184AFC /* Assets.xcassets */ = {isa = PBXFileReference; lastKnownFileType = folder.assetcatalog; path = Assets.xcassets; sourceTree = "<group>"; };
		F06F8F931E84A6ED00184AFC /* Base */ = {isa = PBXFileReference; lastKnownFileType = file.storyboard; name = Base; path = Base.lproj/LaunchScreen.storyboard; sourceTree = "<group>"; };
		F06F8F951E84A6ED00184AFC /* Info.plist */ = {isa = PBXFileReference; lastKnownFileType = text.plist.xml; path = Info.plist; sourceTree = "<group>"; };
		F06F8F9A1E84A6ED00184AFC /* LockScreenMusicDemoTests.xctest */ = {isa = PBXFileReference; explicitFileType = wrapper.cfbundle; includeInIndex = 0; path = LockScreenMusicDemoTests.xctest; sourceTree = BUILT_PRODUCTS_DIR; };
		F06F8F9E1E84A6ED00184AFC /* LockScreenMusicDemoTests.m */ = {isa = PBXFileReference; lastKnownFileType = sourcecode.c.objc; path = LockScreenMusicDemoTests.m; sourceTree = "<group>"; };
		F06F8FA01E84A6ED00184AFC /* Info.plist */ = {isa = PBXFileReference; lastKnownFileType = text.plist.xml; path = Info.plist; sourceTree = "<group>"; };
		F06F8FA51E84A6ED00184AFC /* LockScreenMusicDemoUITests.xctest */ = {isa = PBXFileReference; explicitFileType = wrapper.cfbundle; includeInIndex = 0; path = LockScreenMusicDemoUITests.xctest; sourceTree = BUILT_PRODUCTS_DIR; };
		F06F8FA91E84A6ED00184AFC /* LockScreenMusicDemoUITests.m */ = {isa = PBXFileReference; lastKnownFileType = sourcecode.c.objc; path = LockScreenMusicDemoUITests.m; sourceTree = "<group>"; };
		F06F8FAB1E84A6ED00184AFC /* Info.plist */ = {isa = PBXFileReference; lastKnownFileType = text.plist.xml; path = Info.plist; sourceTree = "<group>"; };
		F06F8FB81E84A6FB00184AFC /* MediaPlayer.framework */ = {isa = PBXFileReference; lastKnownFileType = wrapper.framework; name = MediaPlayer.framework; path = System/Library/Frameworks/MediaPlayer.framework; sourceTree = SDKROOT; };
		F06F8FBA1E84A70100184AFC /* AVFoundation.framework */ = {isa = PBXFileReference; lastKnownFileType = wrapper.framework; name = AVFoundation.framework; path = System/Library/Frameworks/AVFoundation.framework; sourceTree = SDKROOT; };
		F06F8FBC1E84A70B00184AFC /* 那些花儿.mp3 */ = {isa = PBXFileReference; lastKnownFileType = audio.mp3; path = "那些花儿.mp3"; sourceTree = "<group>"; };
		F06F8FBE1E84A71600184AFC /* pushu.jpg */ = {isa = PBXFileReference; lastKnownFileType = image.jpeg; path = pushu.jpg; sourceTree = "<group>"; };
/* End PBXFileReference section */

/* Begin PBXFrameworksBuildPhase section */
		F06F8F7E1E84A6ED00184AFC /* Frameworks */ = {
			isa = PBXFrameworksBuildPhase;
			buildActionMask = 2147483647;
			files = (
				F06F8FBB1E84A70100184AFC /* AVFoundation.framework in Frameworks */,
				F06F8FB91E84A6FB00184AFC /* MediaPlayer.framework in Frameworks */,
			);
			runOnlyForDeploymentPostprocessing = 0;
		};
		F06F8F971E84A6ED00184AFC /* Frameworks */ = {
			isa = PBXFrameworksBuildPhase;
			buildActionMask = 2147483647;
			files = (
			);
			runOnlyForDeploymentPostprocessing = 0;
		};
		F06F8FA21E84A6ED00184AFC /* Frameworks */ = {
			isa = PBXFrameworksBuildPhase;
			buildActionMask = 2147483647;
			files = (
			);
			runOnlyForDeploymentPostprocessing = 0;
		};
/* End PBXFrameworksBuildPhase section */

/* Begin PBXGroup section */
		F06F8F781E84A6ED00184AFC = {
			isa = PBXGroup;
			children = (
				F06F8F831E84A6ED00184AFC /* LockScreenMusicDemo */,
				F06F8F9D1E84A6ED00184AFC /* LockScreenMusicDemoTests */,
				F06F8FA81E84A6ED00184AFC /* LockScreenMusicDemoUITests */,
				F06F8F821E84A6ED00184AFC /* Products */,
				F06F8FB71E84A6FB00184AFC /* Frameworks */,
			);
			sourceTree = "<group>";
		};
		F06F8F821E84A6ED00184AFC /* Products */ = {
			isa = PBXGroup;
			children = (
				F06F8F811E84A6ED00184AFC /* LockScreenMusicDemo.app */,
				F06F8F9A1E84A6ED00184AFC /* LockScreenMusicDemoTests.xctest */,
				F06F8FA51E84A6ED00184AFC /* LockScreenMusicDemoUITests.xctest */,
			);
			name = Products;
			sourceTree = "<group>";
		};
		F06F8F831E84A6ED00184AFC /* LockScreenMusicDemo */ = {
			isa = PBXGroup;
			children = (
				F06F8FBE1E84A71600184AFC /* pushu.jpg */,
				F06F8FBC1E84A70B00184AFC /* 那些花儿.mp3 */,
				F06F8F871E84A6ED00184AFC /* AppDelegate.h */,
				F06F8F881E84A6ED00184AFC /* AppDelegate.m */,
				F06F8F8A1E84A6ED00184AFC /* ViewController.h */,
				F06F8F8B1E84A6ED00184AFC /* ViewController.m */,
				F06F8F8D1E84A6ED00184AFC /* Main.storyboard */,
				F06F8F901E84A6ED00184AFC /* Assets.xcassets */,
				F06F8F921E84A6ED00184AFC /* LaunchScreen.storyboard */,
				F06F8F951E84A6ED00184AFC /* Info.plist */,
				F06F8F841E84A6ED00184AFC /* Supporting Files */,
			);
			path = LockScreenMusicDemo;
			sourceTree = "<group>";
		};
		F06F8F841E84A6ED00184AFC /* Supporting Files */ = {
			isa = PBXGroup;
			children = (
				F06F8F851E84A6ED00184AFC /* main.m */,
			);
			name = "Supporting Files";
			sourceTree = "<group>";
		};
		F06F8F9D1E84A6ED00184AFC /* LockScreenMusicDemoTests */ = {
			isa = PBXGroup;
			children = (
				F06F8F9E1E84A6ED00184AFC /* LockScreenMusicDemoTests.m */,
				F06F8FA01E84A6ED00184AFC /* Info.plist */,
			);
			path = LockScreenMusicDemoTests;
			sourceTree = "<group>";
		};
		F06F8FA81E84A6ED00184AFC /* LockScreenMusicDemoUITests */ = {
			isa = PBXGroup;
			children = (
				F06F8FA91E84A6ED00184AFC /* LockScreenMusicDemoUITests.m */,
				F06F8FAB1E84A6ED00184AFC /* Info.plist */,
			);
			path = LockScreenMusicDemoUITests;
			sourceTree = "<group>";
		};
		F06F8FB71E84A6FB00184AFC /* Frameworks */ = {
			isa = PBXGroup;
			children = (
				F06F8FBA1E84A70100184AFC /* AVFoundation.framework */,
				F06F8FB81E84A6FB00184AFC /* MediaPlayer.framework */,
			);
			name = Frameworks;
			sourceTree = "<group>";
		};
/* End PBXGroup section */

/* Begin PBXNativeTarget section */
		F06F8F801E84A6ED00184AFC /* LockScreenMusicDemo */ = {
			isa = PBXNativeTarget;
			buildConfigurationList = F06F8FAE1E84A6ED00184AFC /* Build configuration list for PBXNativeTarget "LockScreenMusicDemo" */;
			buildPhases = (
				F06F8F7D1E84A6ED00184AFC /* Sources */,
				F06F8F7E1E84A6ED00184AFC /* Frameworks */,
				F06F8F7F1E84A6ED00184AFC /* Resources */,
			);
			buildRules = (
			);
			dependencies = (
			);
			name = LockScreenMusicDemo;
			productName = LockScreenMusicDemo;
			productReference = F06F8F811E84A6ED00184AFC /* LockScreenMusicDemo.app */;
			productType = "com.apple.product-type.application";
		};
		F06F8F991E84A6ED00184AFC /* LockScreenMusicDemoTests */ = {
			isa = PBXNativeTarget;
			buildConfigurationList = F06F8FB11E84A6ED00184AFC /* Build configuration list for PBXNativeTarget "LockScreenMusicDemoTests" */;
			buildPhases = (
				F06F8F961E84A6ED00184AFC /* Sources */,
				F06F8F971E84A6ED00184AFC /* Frameworks */,
				F06F8F981E84A6ED00184AFC /* Resources */,
			);
			buildRules = (
			);
			dependencies = (
				F06F8F9C1E84A6ED00184AFC /* PBXTargetDependency */,
			);
			name = LockScreenMusicDemoTests;
			productName = LockScreenMusicDemoTests;
			productReference = F06F8F9A1E84A6ED00184AFC /* LockScreenMusicDemoTests.xctest */;
			productType = "com.apple.product-type.bundle.unit-test";
		};
		F06F8FA41E84A6ED00184AFC /* LockScreenMusicDemoUITests */ = {
			isa = PBXNativeTarget;
			buildConfigurationList = F06F8FB41E84A6ED00184AFC /* Build configuration list for PBXNativeTarget "LockScreenMusicDemoUITests" */;
			buildPhases = (
				F06F8FA11E84A6ED00184AFC /* Sources */,
				F06F8FA21E84A6ED00184AFC /* Frameworks */,
				F06F8FA31E84A6ED00184AFC /* Resources */,
			);
			buildRules = (
			);
			dependencies = (
				F06F8FA71E84A6ED00184AFC /* PBXTargetDependency */,
			);
			name = LockScreenMusicDemoUITests;
			productName = LockScreenMusicDemoUITests;
			productReference = F06F8FA51E84A6ED00184AFC /* LockScreenMusicDemoUITests.xctest */;
			productType = "com.apple.product-type.bundle.ui-testing";
		};
/* End PBXNativeTarget section */

/* Begin PBXProject section */
		F06F8F791E84A6ED00184AFC /* Project object */ = {
			isa = PBXProject;
			attributes = {
				LastUpgradeCheck = 0820;
				ORGANIZATIONNAME = shuzhenguo;
				TargetAttributes = {
					F06F8F801E84A6ED00184AFC = {
						CreatedOnToolsVersion = 8.2.1;
						DevelopmentTeam = 45DWXJGCKQ;
						ProvisioningStyle = Automatic;
						SystemCapabilities = {
							com.apple.BackgroundModes = {
								enabled = 1;
							};
						};
					};
					F06F8F991E84A6ED00184AFC = {
						CreatedOnToolsVersion = 8.2.1;
						DevelopmentTeam = 45DWXJGCKQ;
						ProvisioningStyle = Automatic;
						TestTargetID = F06F8F801E84A6ED00184AFC;
					};
					F06F8FA41E84A6ED00184AFC = {
						CreatedOnToolsVersion = 8.2.1;
						DevelopmentTeam = 45DWXJGCKQ;
						ProvisioningStyle = Automatic;
						TestTargetID = F06F8F801E84A6ED00184AFC;
					};
				};
			};
			buildConfigurationList = F06F8F7C1E84A6ED00184AFC /* Build configuration list for PBXProject "LockScreenMusicDemo" */;
			compatibilityVersion = "Xcode 3.2";
			developmentRegion = English;
			hasScannedForEncodings = 0;
			knownRegions = (
				en,
				Base,
			);
			mainGroup = F06F8F781E84A6ED00184AFC;
			productRefGroup = F06F8F821E84A6ED00184AFC /* Products */;
			projectDirPath = "";
			projectRoot = "";
			targets = (
				F06F8F801E84A6ED00184AFC /* LockScreenMusicDemo */,
				F06F8F991E84A6ED00184AFC /* LockScreenMusicDemoTests */,
				F06F8FA41E84A6ED00184AFC /* LockScreenMusicDemoUITests */,
			);
		};
/* End PBXProject section */

/* Begin PBXResourcesBuildPhase section */
		F06F8F7F1E84A6ED00184AFC /* Resources */ = {
			isa = PBXResourcesBuildPhase;
			buildActionMask = 2147483647;
			files = (
				F06F8FBD1E84A70B00184AFC /* 那些花儿.mp3 in Resources */,
				F06F8F941E84A6ED00184AFC /* LaunchScreen.storyboard in Resources */,
				F06F8F911E84A6ED00184AFC /* Assets.xcassets in Resources */,
				F06F8F8F1E84A6ED00184AFC /* Main.storyboard in Resources */,
				F06F8FBF1E84A71600184AFC /* pushu.jpg in Resources */,
			);
			runOnlyForDeploymentPostprocessing = 0;
		};
		F06F8F981E84A6ED00184AFC /* Resources */ = {
			isa = PBXResourcesBuildPhase;
			buildActionMask = 2147483647;
			files = (
			);
			runOnlyForDeploymentPostprocessing = 0;
		};
		F06F8FA31E84A6ED00184AFC /* Resources */ = {
			isa = PBXResourcesBuildPhase;
			buildActionMask = 2147483647;
			files = (
			);
			runOnlyForDeploymentPostprocessing = 0;
		};
/* End PBXResourcesBuildPhase section */

/* Begin PBXSourcesBuildPhase section */
		F06F8F7D1E84A6ED00184AFC /* Sources */ = {
			isa = PBXSourcesBuildPhase;
			buildActionMask = 2147483647;
			files = (
				F06F8F8C1E84A6ED00184AFC /* ViewController.m in Sources */,
				F06F8F891E84A6ED00184AFC /* AppDelegate.m in Sources */,
				F06F8F861E84A6ED00184AFC /* main.m in Sources */,
			);
			runOnlyForDeploymentPostprocessing = 0;
		};
		F06F8F961E84A6ED00184AFC /* Sources */ = {
			isa = PBXSourcesBuildPhase;
			buildActionMask = 2147483647;
			files = (
				F06F8F9F1E84A6ED00184AFC /* LockScreenMusicDemoTests.m in Sources */,
			);
			runOnlyForDeploymentPostprocessing = 0;
		};
		F06F8FA11E84A6ED00184AFC /* Sources */ = {
			isa = PBXSourcesBuildPhase;
			buildActionMask = 2147483647;
			files = (
				F06F8FAA1E84A6ED00184AFC /* LockScreenMusicDemoUITests.m in Sources */,
			);
			runOnlyForDeploymentPostprocessing = 0;
		};
/* End PBXSourcesBuildPhase section */

/* Begin PBXTargetDependency section */
		F06F8F9C1E84A6ED00184AFC /* PBXTargetDependency */ = {
			isa = PBXTargetDependency;
			target = F06F8F801E84A6ED00184AFC /* LockScreenMusicDemo */;
			targetProxy = F06F8F9B1E84A6ED00184AFC /* PBXContainerItemProxy */;
		};
		F06F8FA71E84A6ED00184AFC /* PBXTargetDependency */ = {
			isa = PBXTargetDependency;
			target = F06F8F801E84A6ED00184AFC /* LockScreenMusicDemo */;
			targetProxy = F06F8FA61E84A6ED00184AFC /* PBXContainerItemProxy */;
		};
/* End PBXTargetDependency section */

/* Begin PBXVariantGroup section */
		F06F8F8D1E84A6ED00184AFC /* Main.storyboard */ = {
			isa = PBXVariantGroup;
			children = (
				F06F8F8E1E84A6ED00184AFC /* Base */,
			);
			name = Main.storyboard;
			sourceTree = "<group>";
		};
		F06F8F921E84A6ED00184AFC /* LaunchScreen.storyboard */ = {
			isa = PBXVariantGroup;
			children = (
				F06F8F931E84A6ED00184AFC /* Base */,
			);
			name = LaunchScreen.storyboard;
			sourceTree = "<group>";
		};
/* End PBXVariantGroup section */

/* Begin XCBuildConfiguration section */
		F06F8FAC1E84A6ED00184AFC /* Debug */ = {
			isa = XCBuildConfiguration;
			buildSettings = {
				ALWAYS_SEARCH_USER_PATHS = NO;
				CLANG_ANALYZER_NONNULL = YES;
				CLANG_CXX_LANGUAGE_STANDARD = "gnu++0x";
				CLANG_CXX_LIBRARY = "libc++";
				CLANG_ENABLE_MODULES = YES;
				CLANG_ENABLE_OBJC_ARC = YES;
				CLANG_WARN_BOOL_CONVERSION = YES;
				CLANG_WARN_CONSTANT_CONVERSION = YES;
				CLANG_WARN_DIRECT_OBJC_ISA_USAGE = YES_ERROR;
				CLANG_WARN_DOCUMENTATION_COMMENTS = YES;
				CLANG_WARN_EMPTY_BODY = YES;
				CLANG_WARN_ENUM_CONVERSION = YES;
				CLANG_WARN_INFINITE_RECURSION = YES;
				CLANG_WARN_INT_CONVERSION = YES;
				CLANG_WARN_OBJC_ROOT_CLASS = YES_ERROR;
				CLANG_WARN_SUSPICIOUS_MOVE = YES;
				CLANG_WARN_UNREACHABLE_CODE = YES;
				CLANG_WARN__DUPLICATE_METHOD_MATCH = YES;
				"CODE_SIGN_IDENTITY[sdk=iphoneos*]" = "iPhone Developer";
				COPY_PHASE_STRIP = NO;
				DEBUG_INFORMATION_FORMAT = dwarf;
				ENABLE_STRICT_OBJC_MSGSEND = YES;
				ENABLE_TESTABILITY = YES;
				GCC_C_LANGUAGE_STANDARD = gnu99;
				GCC_DYNAMIC_NO_PIC = NO;
				GCC_NO_COMMON_BLOCKS = YES;
				GCC_OPTIMIZATION_LEVEL = 0;
				GCC_PREPROCESSOR_DEFINITIONS = (
					"DEBUG=1",
					"$(inherited)",
				);
				GCC_WARN_64_TO_32_BIT_CONVERSION = YES;
				GCC_WARN_ABOUT_RETURN_TYPE = YES_ERROR;
				GCC_WARN_UNDECLARED_SELECTOR = YES;
				GCC_WARN_UNINITIALIZED_AUTOS = YES_AGGRESSIVE;
				GCC_WARN_UNUSED_FUNCTION = YES;
				GCC_WARN_UNUSED_VARIABLE = YES;
				IPHONEOS_DEPLOYMENT_TARGET = 8.0;
				MTL_ENABLE_DEBUG_INFO = YES;
				ONLY_ACTIVE_ARCH = YES;
				SDKROOT = iphoneos;
				TARGETED_DEVICE_FAMILY = "1,2";
			};
			name = Debug;
		};
		F06F8FAD1E84A6ED00184AFC /* Release */ = {
			isa = XCBuildConfiguration;
			buildSettings = {
				ALWAYS_SEARCH_USER_PATHS = NO;
				CLANG_ANALYZER_NONNULL = YES;
				CLANG_CXX_LANGUAGE_STANDARD = "gnu++0x";
				CLANG_CXX_LIBRARY = "libc++";
				CLANG_ENABLE_MODULES = YES;
				CLANG_ENABLE_OBJC_ARC = YES;
				CLANG_WARN_BOOL_CONVERSION = YES;
				CLANG_WARN_CONSTANT_CONVERSION = YES;
				CLANG_WARN_DIRECT_OBJC_ISA_USAGE = YES_ERROR;
				CLANG_WARN_DOCUMENTATION_COMMENTS = YES;
				CLANG_WARN_EMPTY_BODY = YES;
				CLANG_WARN_ENUM_CONVERSION = YES;
				CLANG_WARN_INFINITE_RECURSION = YES;
				CLANG_WARN_INT_CONVERSION = YES;
				CLANG_WARN_OBJC_ROOT_CLASS = YES_ERROR;
				CLANG_WARN_SUSPICIOUS_MOVE = YES;
				CLANG_WARN_UNREACHABLE_CODE = YES;
				CLANG_WARN__DUPLICATE_METHOD_MATCH = YES;
				"CODE_SIGN_IDENTITY[sdk=iphoneos*]" = "iPhone Developer";
				COPY_PHASE_STRIP = NO;
				DEBUG_INFORMATION_FORMAT = "dwarf-with-dsym";
				ENABLE_NS_ASSERTIONS = NO;
				ENABLE_STRICT_OBJC_MSGSEND = YES;
				GCC_C_LANGUAGE_STANDARD = gnu99;
				GCC_NO_COMMON_BLOCKS = YES;
				GCC_WARN_64_TO_32_BIT_CONVERSION = YES;
				GCC_WARN_ABOUT_RETURN_TYPE = YES_ERROR;
				GCC_WARN_UNDECLARED_SELECTOR = YES;
				GCC_WARN_UNINITIALIZED_AUTOS = YES_AGGRESSIVE;
				GCC_WARN_UNUSED_FUNCTION = YES;
				GCC_WARN_UNUSED_VARIABLE = YES;
				IPHONEOS_DEPLOYMENT_TARGET = 8.0;
				MTL_ENABLE_DEBUG_INFO = NO;
				SDKROOT = iphoneos;
				TARGETED_DEVICE_FAMILY = "1,2";
				VALIDATE_PRODUCT = YES;
			};
			name = Release;
		};
		F06F8FAF1E84A6ED00184AFC /* Debug */ = {
			isa = XCBuildConfiguration;
			buildSettings = {
				ASSETCATALOG_COMPILER_APPICON_NAME = AppIcon;
				DEVELOPMENT_TEAM = 45DWXJGCKQ;
				INFOPLIST_FILE = LockScreenMusicDemo/Info.plist;
				IPHONEOS_DEPLOYMENT_TARGET = 8.0;
				LD_RUNPATH_SEARCH_PATHS = "$(inherited) @executable_path/Frameworks";
				PRODUCT_BUNDLE_IDENTIFIER = com.nightMode.LockScreenMusicDemo;
				PRODUCT_NAME = "$(TARGET_NAME)";
			};
			name = Debug;
		};
		F06F8FB01E84A6ED00184AFC /* Release */ = {
			isa = XCBuildConfiguration;
			buildSettings = {
				ASSETCATALOG_COMPILER_APPICON_NAME = AppIcon;
				DEVELOPMENT_TEAM = 45DWXJGCKQ;
				INFOPLIST_FILE = LockScreenMusicDemo/Info.plist;
				IPHONEOS_DEPLOYMENT_TARGET = 8.0;
				LD_RUNPATH_SEARCH_PATHS = "$(inherited) @executable_path/Frameworks";
				PRODUCT_BUNDLE_IDENTIFIER = com.nightMode.LockScreenMusicDemo;
				PRODUCT_NAME = "$(TARGET_NAME)";
			};
			name = Release;
		};
		F06F8FB21E84A6ED00184AFC /* Debug */ = {
			isa = XCBuildConfiguration;
			buildSettings = {
				BUNDLE_LOADER = "$(TEST_HOST)";
				DEVELOPMENT_TEAM = 45DWXJGCKQ;
				INFOPLIST_FILE = LockScreenMusicDemoTests/Info.plist;
				LD_RUNPATH_SEARCH_PATHS = "$(inherited) @executable_path/Frameworks @loader_path/Frameworks";
				PRODUCT_BUNDLE_IDENTIFIER = com.nightMode.LockScreenMusicDemoTests;
				PRODUCT_NAME = "$(TARGET_NAME)";
				TEST_HOST = "$(BUILT_PRODUCTS_DIR)/LockScreenMusicDemo.app/LockScreenMusicDemo";
			};
			name = Debug;
		};
		F06F8FB31E84A6ED00184AFC /* Release */ = {
			isa = XCBuildConfiguration;
			buildSettings = {
				BUNDLE_LOADER = "$(TEST_HOST)";
				DEVELOPMENT_TEAM = 45DWXJGCKQ;
				INFOPLIST_FILE = LockScreenMusicDemoTests/Info.plist;
				LD_RUNPATH_SEARCH_PATHS = "$(inherited) @executable_path/Frameworks @loader_path/Frameworks";
				PRODUCT_BUNDLE_IDENTIFIER = com.nightMode.LockScreenMusicDemoTests;
				PRODUCT_NAME = "$(TARGET_NAME)";
				TEST_HOST = "$(BUILT_PRODUCTS_DIR)/LockScreenMusicDemo.app/LockScreenMusicDemo";
			};
			name = Release;
		};
		F06F8FB51E84A6ED00184AFC /* Debug */ = {
			isa = XCBuildConfiguration;
			buildSettings = {
				DEVELOPMENT_TEAM = 45DWXJGCKQ;
				INFOPLIST_FILE = LockScreenMusicDemoUITests/Info.plist;
				LD_RUNPATH_SEARCH_PATHS = "$(inherited) @executable_path/Frameworks @loader_path/Frameworks";
				PRODUCT_BUNDLE_IDENTIFIER = com.nightMode.LockScreenMusicDemoUITests;
				PRODUCT_NAME = "$(TARGET_NAME)";
				TEST_TARGET_NAME = LockScreenMusicDemo;
			};
			name = Debug;
		};
		F06F8FB61E84A6ED00184AFC /* Release */ = {
			isa = XCBuildConfiguration;
			buildSettings = {
				DEVELOPMENT_TEAM = 45DWXJGCKQ;
				INFOPLIST_FILE = LockScreenMusicDemoUITests/Info.plist;
				LD_RUNPATH_SEARCH_PATHS = "$(inherited) @executable_path/Frameworks @loader_path/Frameworks";
				PRODUCT_BUNDLE_IDENTIFIER = com.nightMode.LockScreenMusicDemoUITests;
				PRODUCT_NAME = "$(TARGET_NAME)";
				TEST_TARGET_NAME = LockScreenMusicDemo;
			};
			name = Release;
		};
/* End XCBuildConfiguration section */

/* Begin XCConfigurationList section */
		F06F8F7C1E84A6ED00184AFC /* Build configuration list for PBXProject "LockScreenMusicDemo" */ = {
			isa = XCConfigurationList;
			buildConfigurations = (
				F06F8FAC1E84A6ED00184AFC /* Debug */,
				F06F8FAD1E84A6ED00184AFC /* Release */,
			);
			defaultConfigurationIsVisible = 0;
			defaultConfigurationName = Release;
		};
		F06F8FAE1E84A6ED00184AFC /* Build configuration list for PBXNativeTarget "LockScreenMusicDemo" */ = {
			isa = XCConfigurationList;
			buildConfigurations = (
				F06F8FAF1E84A6ED00184AFC /* Debug */,
				F06F8FB01E84A6ED00184AFC /* Release */,
			);
			defaultConfigurationIsVisible = 0;
		};
		F06F8FB11E84A6ED00184AFC /* Build configuration list for PBXNativeTarget "LockScreenMusicDemoTests" */ = {
			isa = XCConfigurationList;
			buildConfigurations = (
				F06F8FB21E84A6ED00184AFC /* Debug */,
				F06F8FB31E84A6ED00184AFC /* Release */,
			);
			defaultConfigurationIsVisible = 0;
		};
		F06F8FB41E84A6ED00184AFC /* Build configuration list for PBXNativeTarget "LockScreenMusicDemoUITests" */ = {
			isa = XCConfigurationList;
			buildConfigurations = (
				F06F8FB51E84A6ED00184AFC /* Debug */,
				F06F8FB61E84A6ED00184AFC /* Release */,
			);
			defaultConfigurationIsVisible = 0;
		};
/* End XCConfigurationList section */
	};
	rootObject = F06F8F791E84A6ED00184AFC /* Project object */;
}
